
Microsoft Visual Studio Solution File, Format Version 12.00
# Visual Studio 15
VisualStudioVersion = 15.0.28307.421
MinimumVisualStudioVersion = 10.0.40219.1
Project("{FAE04EC0-301F-11D3-BF4B-00C04F79EFBC}") = "ServerConfigMtk-P2-20180140041", "ServerConfigMtk-P2-20180140041\ServerConfigMtk-P2-20180140041.csproj", "{171E6F4A-EEC6-488D-BBEA-266C52980DE6}"
EndProject
Global
	GlobalSection(SolutionConfigurationPlatforms) = preSolution
		Debug|Any CPU = Debug|Any CPU
		Release|Any CPU = Release|Any CPU
	EndGlobalSection
	GlobalSection(ProjectConfigurationPlatforms) = postSolution
		{171E6F4A-EEC6-488D-BBEA-266C52980DE6}.Debug|Any CPU.ActiveCfg = Debug|Any CPU
		{171E6F4A-EEC6-488D-BBEA-266C52980DE6}.Debug|Any CPU.Build.0 = Debug|Any CPU
		{171E6F4A-EEC6-488D-BBEA-266C52980DE6}.Release|Any CPU.ActiveCfg = Release|Any CPU
		{171E6F4A-EEC6-488D-BBEA-266C52980DE6}.Release|Any CPU.Build.0 = Release|Any CPU
	EndGlobalSection
	GlobalSection(SolutionProperties) = preSolution
		HideSolutionNode = FALSE
	EndGlobalSection
	GlobalSection(ExtensibilityGlobals) = postSolution
		SolutionGuid = {68D000F3-2BC8-4E63-81AF-B053F02A65B2}
	EndGlobalSection
EndGlobal
